
Microsoft Visual Studio Solution File, Format Version 12.00
# Visual Studio 14
VisualStudioVersion = 14.0.25420.1
MinimumVisualStudioVersion = 10.0.40219.1
Project("{FAE04EC0-301F-11D3-BF4B-00C04F79EFBC}") = "MathOperation", "ConsoleApplication1\MathOperation.csproj", "{FAF811B3-6AB8-4C61-9EC5-784DA81F4F52}"
EndProject
Project("{FAE04EC0-301F-11D3-BF4B-00C04F79EFBC}") = "Animals", "Animals\Animals.csproj", "{BF801479-4129-4170-9CB2-AB5BA7C0D260}"
EndProject
Project("{FAE04EC0-301F-11D3-BF4B-00C04F79EFBC}") = "Shapes", "Shapes\Shapes.csproj", "{8160335F-84B2-410B-80D2-73F9265C9123}"
EndProject
Project("{FAE04EC0-301F-11D3-BF4B-00C04F79EFBC}") = "Camping", "Camping\Camping.csproj", "{FFE106CF-3280-4C1D-B390-AE4D45BE8568}"
EndProject
Project("{FAE04EC0-301F-11D3-BF4B-00C04F79EFBC}") = "Shapes2", "Shapes2\Shapes2.csproj", "{AC46B4B9-A653-4321-B7E1-C304D6465BA1}"
EndProject
Project("{FAE04EC0-301F-11D3-BF4B-00C04F79EFBC}") = "Vehicles", "Vehicles\Vehicles.csproj", "{FE944F5F-02FA-45FD-8D3E-7D543A0FEA93}"
EndProject
Project("{FAE04EC0-301F-11D3-BF4B-00C04F79EFBC}") = "WildFarm", "WildFarm\WildFarm.csproj", "{53313B59-53B6-42E2-A101-599E054EF39B}"
EndProject
Global
	GlobalSection(SolutionConfigurationPlatforms) = preSolution
		Debug|Any CPU = Debug|Any CPU
		Release|Any CPU = Release|Any CPU
	EndGlobalSection
	GlobalSection(ProjectConfigurationPlatforms) = postSolution
		{FAF811B3-6AB8-4C61-9EC5-784DA81F4F52}.Debug|Any CPU.ActiveCfg = Debug|Any CPU
		{FAF811B3-6AB8-4C61-9EC5-784DA81F4F52}.Debug|Any CPU.Build.0 = Debug|Any CPU
		{FAF811B3-6AB8-4C61-9EC5-784DA81F4F52}.Release|Any CPU.ActiveCfg = Release|Any CPU
		{FAF811B3-6AB8-4C61-9EC5-784DA81F4F52}.Release|Any CPU.Build.0 = Release|Any CPU
		{BF801479-4129-4170-9CB2-AB5BA7C0D260}.Debug|Any CPU.ActiveCfg = Debug|Any CPU
		{BF801479-4129-4170-9CB2-AB5BA7C0D260}.Debug|Any CPU.Build.0 = Debug|Any CPU
		{BF801479-4129-4170-9CB2-AB5BA7C0D260}.Release|Any CPU.ActiveCfg = Release|Any CPU
		{BF801479-4129-4170-9CB2-AB5BA7C0D260}.Release|Any CPU.Build.0 = Release|Any CPU
		{8160335F-84B2-410B-80D2-73F9265C9123}.Debug|Any CPU.ActiveCfg = Debug|Any CPU
		{8160335F-84B2-410B-80D2-73F9265C9123}.Debug|Any CPU.Build.0 = Debug|Any CPU
		{8160335F-84B2-410B-80D2-73F9265C9123}.Release|Any CPU.ActiveCfg = Release|Any CPU
		{8160335F-84B2-410B-80D2-73F9265C9123}.Release|Any CPU.Build.0 = Release|Any CPU
		{FFE106CF-3280-4C1D-B390-AE4D45BE8568}.Debug|Any CPU.ActiveCfg = Debug|Any CPU
		{FFE106CF-3280-4C1D-B390-AE4D45BE8568}.Debug|Any CPU.Build.0 = Debug|Any CPU
		{FFE106CF-3280-4C1D-B390-AE4D45BE8568}.Release|Any CPU.ActiveCfg = Release|Any CPU
		{FFE106CF-3280-4C1D-B390-AE4D45BE8568}.Release|Any CPU.Build.0 = Release|Any CPU
		{AC46B4B9-A653-4321-B7E1-C304D6465BA1}.Debug|Any CPU.ActiveCfg = Debug|Any CPU
		{AC46B4B9-A653-4321-B7E1-C304D6465BA1}.Debug|Any CPU.Build.0 = Debug|Any CPU
		{AC46B4B9-A653-4321-B7E1-C304D6465BA1}.Release|Any CPU.ActiveCfg = Release|Any CPU
		{AC46B4B9-A653-4321-B7E1-C304D6465BA1}.Release|Any CPU.Build.0 = Release|Any CPU
		{FE944F5F-02FA-45FD-8D3E-7D543A0FEA93}.Debug|Any CPU.ActiveCfg = Debug|Any CPU
		{FE944F5F-02FA-45FD-8D3E-7D543A0FEA93}.Debug|Any CPU.Build.0 = Debug|Any CPU
		{FE944F5F-02FA-45FD-8D3E-7D543A0FEA93}.Release|Any CPU.ActiveCfg = Release|Any CPU
		{FE944F5F-02FA-45FD-8D3E-7D543A0FEA93}.Release|Any CPU.Build.0 = Release|Any CPU
		{53313B59-53B6-42E2-A101-599E054EF39B}.Debug|Any CPU.ActiveCfg = Debug|Any CPU
		{53313B59-53B6-42E2-A101-599E054EF39B}.Debug|Any CPU.Build.0 = Debug|Any CPU
		{53313B59-53B6-42E2-A101-599E054EF39B}.Release|Any CPU.ActiveCfg = Release|Any CPU
		{53313B59-53B6-42E2-A101-599E054EF39B}.Release|Any CPU.Build.0 = Release|Any CPU
	EndGlobalSection
	GlobalSection(SolutionProperties) = preSolution
		HideSolutionNode = FALSE
	EndGlobalSection
EndGlobal
